import React, { useEffect, useState } from 'react';

import './App.css';
function App() {
  const [currentTime, setCurrentTime] = useState(new Date());
  const [currentDay, setCurrentDay] = useState('');
  const [graafik, setGraafik] = useState([]);
useEffect(() => {
  fetch("https://localhost:7033/Pood")
    .then(res => res.json())
    .then(json => setGraafik(json));
}, []);
useEffect(() => {
  const intervalId = setInterval(() => {
    setCurrentTime(new Date());
  }, 1000);

  const days = ['Pühapäev', 'Esmaspäev', 'Teisipäev', 'Kolmapäev', 'Neljapäev', 'Reede', 'Laupäev'];
  const currentDayIndex = currentTime.getDay();
  setCurrentDay(days[currentDayIndex]);

  return () => clearInterval(intervalId);
}, []);


return (
  <div className="App">
    <label>Töögraafik</label> <br />
    <p>Täna: {currentDay}</p>
    <p>Praegune aeg: {currentTime.toLocaleTimeString()}</p>
    <table>
      <thead>
        <tr>
          <th>Päev</th>
          <th>Avatud</th>
          <th>Suletud</th>
        </tr>
      </thead>
      <tbody>
        {graafik.map((graafiik) => (
          <tr key={graafiik.day}>
            <td>{graafiik.day}</td>
            <td>{graafiik.avatud}</td>
            <td>{graafiik.suletud}</td>
          </tr>
        ))}
      </tbody>
    </table>
  </div>
);
}
export default App;
